apiVersion: vendir.k14s.io/v1alpha1
directories:
- contents:
  - githubRelease:
      tag: v0.18.0
      url: https://api.github.com/repos/immutos/debco/releases/176895483
    path: immutos/debco
  - githubRelease:
      tag: git20240927.3189a99
      url: https://api.github.com/repos/immutos/fsutil/releases/177265414
    path: immutos/fsutil
  - githubRelease:
      tag: v2024.09.26
      url: https://api.github.com/repos/immutos/kernels/releases/177088177
    path: immutos/kernels
  - githubRelease:
      tag: v0.4.0
      url: https://api.github.com/repos/immutos/matchstick/releases/175118315
    path: immutos/matchstick
  - githubRelease:
      tag: v0.4.0
      url: https://api.github.com/repos/immutos/oci2erofs/releases/175242796
    path: immutos/oci2erofs
  - githubRelease:
      tag: v0.1.0
      url: https://api.github.com/repos/immutos/usrmerger/releases/177046214
    path: immutos/usrmerger
  - githubRelease:
      tag: git20240927.f0871c4
      url: https://api.github.com/repos/immutos/vt100/releases/177265191
    path: immutos/vt100
  path: vendor
kind: LockConfig
