apiVersion: vendir.k14s.io/v1alpha1
directories:
- contents:
  - githubRelease:
      tag: v2024.10.29-1
      url: https://api.github.com/repos/immutos/boards/releases/182451879
    path: immutos/boards
  - githubRelease:
      tag: v0.20.0
      url: https://api.github.com/repos/immutos/debco/releases/181820928
    path: immutos/debco
  - githubRelease:
      tag: git20240927.3189a99
      url: https://api.github.com/repos/immutos/fsutil/releases/177265414
    path: immutos/fsutil
  - githubRelease:
      tag: v0.6.0
      url: https://api.github.com/repos/immutos/matchstick/releases/177461136
    path: immutos/matchstick
  - githubRelease:
      tag: v0.4.0
      url: https://api.github.com/repos/immutos/oci2erofs/releases/175242796
    path: immutos/oci2erofs
  - githubRelease:
      tag: git20240927.f0871c4
      url: https://api.github.com/repos/immutos/vt100/releases/177265191
    path: immutos/vt100
  path: vendor
kind: LockConfig
